// !$*UTF8*$!
{
	archiveVersion = 1;
	classes = {
	};
	objectVersion = 50;
	objects = {

/* Begin PBXBuildFile section */
		A4080CC72689875600FE06DF /* ResultView.swift in Sources */ = {isa = PBXBuildFile; fileRef = A4080CC62689875600FE06DF /* ResultView.swift */; };
		A478C947268BEB8B008C1783 /* Options.swift in Sources */ = {isa = PBXBuildFile; fileRef = A478C946268BEB8B008C1783 /* Options.swift */; };
		A478C949268C97C8008C1783 /* Series.swift in Sources */ = {isa = PBXBuildFile; fileRef = A478C948268C97C8008C1783 /* Series.swift */; };
		A4872C56268AB97400412797 /* SettingsView.swift in Sources */ = {isa = PBXBuildFile; fileRef = A4C6DDA32688776E00B21F32 /* SettingsView.swift */; };
		A496A5EF268E5BB400A76FD3 /* tos.txt in Resources */ = {isa = PBXBuildFile; fileRef = A496A5EE268E5BB400A76FD3 /* tos.txt */; };
		A496A5F3268E718900A76FD3 /* tas.txt in Resources */ = {isa = PBXBuildFile; fileRef = A496A5F0268E718900A76FD3 /* tas.txt */; };
		A496A5F5268E718900A76FD3 /* ds9.txt in Resources */ = {isa = PBXBuildFile; fileRef = A496A5F2268E718900A76FD3 /* ds9.txt */; };
		A496A5F7268E730400A76FD3 /* tng.txt in Resources */ = {isa = PBXBuildFile; fileRef = A496A5F6268E730400A76FD3 /* tng.txt */; };
		A496A5FA268E791000A76FD3 /* ent.txt in Resources */ = {isa = PBXBuildFile; fileRef = A496A5F8268E791000A76FD3 /* ent.txt */; };
		A496A5FB268E791000A76FD3 /* voy.txt in Resources */ = {isa = PBXBuildFile; fileRef = A496A5F9268E791000A76FD3 /* voy.txt */; };
		A496A5FF268E7A4C00A76FD3 /* dsc.txt in Resources */ = {isa = PBXBuildFile; fileRef = A496A5FC268E7A4B00A76FD3 /* dsc.txt */; };
		A496A600268E7A4C00A76FD3 /* ld.txt in Resources */ = {isa = PBXBuildFile; fileRef = A496A5FD268E7A4B00A76FD3 /* ld.txt */; };
		A496A601268E7A4C00A76FD3 /* pic.txt in Resources */ = {isa = PBXBuildFile; fileRef = A496A5FE268E7A4C00A76FD3 /* pic.txt */; };
		A4C6DDA22688776E00B21F32 /* Random_Trek_EpisodeApp.swift in Sources */ = {isa = PBXBuildFile; fileRef = A4C6DDA12688776E00B21F32 /* Random_Trek_EpisodeApp.swift */; };
		A4C6DDA62688777200B21F32 /* Assets.xcassets in Resources */ = {isa = PBXBuildFile; fileRef = A4C6DDA52688777100B21F32 /* Assets.xcassets */; };
		A4C6DDA92688777200B21F32 /* Preview Assets.xcassets in Resources */ = {isa = PBXBuildFile; fileRef = A4C6DDA82688777200B21F32 /* Preview Assets.xcassets */; };
		A4C6DDB2268877BA00B21F32 /* Episode.swift in Sources */ = {isa = PBXBuildFile; fileRef = A4C6DDB1268877BA00B21F32 /* Episode.swift */; };
/* End PBXBuildFile section */

/* Begin PBXFileReference section */
		A4080CC62689875600FE06DF /* ResultView.swift */ = {isa = PBXFileReference; lastKnownFileType = sourcecode.swift; path = ResultView.swift; sourceTree = "<group>"; };
		A478C946268BEB8B008C1783 /* Options.swift */ = {isa = PBXFileReference; lastKnownFileType = sourcecode.swift; path = Options.swift; sourceTree = "<group>"; };
		A478C948268C97C8008C1783 /* Series.swift */ = {isa = PBXFileReference; lastKnownFileType = sourcecode.swift; path = Series.swift; sourceTree = "<group>"; };
		A496A5EE268E5BB400A76FD3 /* tos.txt */ = {isa = PBXFileReference; fileEncoding = 4; lastKnownFileType = text; path = tos.txt; sourceTree = "<group>"; };
		A496A5F0268E718900A76FD3 /* tas.txt */ = {isa = PBXFileReference; fileEncoding = 4; lastKnownFileType = text; path = tas.txt; sourceTree = "<group>"; };
		A496A5F2268E718900A76FD3 /* ds9.txt */ = {isa = PBXFileReference; fileEncoding = 4; lastKnownFileType = text; path = ds9.txt; sourceTree = "<group>"; };
		A496A5F6268E730400A76FD3 /* tng.txt */ = {isa = PBXFileReference; fileEncoding = 4; lastKnownFileType = text; path = tng.txt; sourceTree = "<group>"; };
		A496A5F8268E791000A76FD3 /* ent.txt */ = {isa = PBXFileReference; fileEncoding = 4; lastKnownFileType = text; path = ent.txt; sourceTree = "<group>"; };
		A496A5F9268E791000A76FD3 /* voy.txt */ = {isa = PBXFileReference; fileEncoding = 4; lastKnownFileType = text; path = voy.txt; sourceTree = "<group>"; };
		A496A5FC268E7A4B00A76FD3 /* dsc.txt */ = {isa = PBXFileReference; fileEncoding = 4; lastKnownFileType = text; path = dsc.txt; sourceTree = "<group>"; };
		A496A5FD268E7A4B00A76FD3 /* ld.txt */ = {isa = PBXFileReference; fileEncoding = 4; lastKnownFileType = text; path = ld.txt; sourceTree = "<group>"; };
		A496A5FE268E7A4C00A76FD3 /* pic.txt */ = {isa = PBXFileReference; fileEncoding = 4; lastKnownFileType = text; path = pic.txt; sourceTree = "<group>"; };
		A4C6DD9E2688776E00B21F32 /* Random Trek Episode.app */ = {isa = PBXFileReference; explicitFileType = wrapper.application; includeInIndex = 0; path = "Random Trek Episode.app"; sourceTree = BUILT_PRODUCTS_DIR; };
		A4C6DDA12688776E00B21F32 /* Random_Trek_EpisodeApp.swift */ = {isa = PBXFileReference; lastKnownFileType = sourcecode.swift; path = Random_Trek_EpisodeApp.swift; sourceTree = "<group>"; };
		A4C6DDA32688776E00B21F32 /* SettingsView.swift */ = {isa = PBXFileReference; lastKnownFileType = sourcecode.swift; path = SettingsView.swift; sourceTree = "<group>"; };
		A4C6DDA52688777100B21F32 /* Assets.xcassets */ = {isa = PBXFileReference; lastKnownFileType = folder.assetcatalog; path = Assets.xcassets; sourceTree = "<group>"; };
		A4C6DDA82688777200B21F32 /* Preview Assets.xcassets */ = {isa = PBXFileReference; lastKnownFileType = folder.assetcatalog; path = "Preview Assets.xcassets"; sourceTree = "<group>"; };
		A4C6DDAA2688777200B21F32 /* Info.plist */ = {isa = PBXFileReference; lastKnownFileType = text.plist.xml; path = Info.plist; sourceTree = "<group>"; };
		A4C6DDB1268877BA00B21F32 /* Episode.swift */ = {isa = PBXFileReference; lastKnownFileType = sourcecode.swift; path = Episode.swift; sourceTree = "<group>"; };
		A4C6DDB52688790400B21F32 /* Random Trek Episode.entitlements */ = {isa = PBXFileReference; lastKnownFileType = text.plist.entitlements; path = "Random Trek Episode.entitlements"; sourceTree = "<group>"; };
/* End PBXFileReference section */

/* Begin PBXFrameworksBuildPhase section */
		A4C6DD9B2688776E00B21F32 /* Frameworks */ = {
			isa = PBXFrameworksBuildPhase;
			buildActionMask = 2147483647;
			files = (
			);
			runOnlyForDeploymentPostprocessing = 0;
		};
/* End PBXFrameworksBuildPhase section */

/* Begin PBXGroup section */
		A4872C55268AA19300412797 /* Views */ = {
			isa = PBXGroup;
			children = (
				A4C6DDA32688776E00B21F32 /* SettingsView.swift */,
				A4080CC62689875600FE06DF /* ResultView.swift */,
			);
			path = Views;
			sourceTree = "<group>";
		};
		A496A5E7268D910E00A76FD3 /* App */ = {
			isa = PBXGroup;
			children = (
				A4C6DDA12688776E00B21F32 /* Random_Trek_EpisodeApp.swift */,
			);
			path = App;
			sourceTree = "<group>";
		};
		A496A5ED268E5BA600A76FD3 /* Data */ = {
			isa = PBXGroup;
			children = (
				A496A5EE268E5BB400A76FD3 /* tos.txt */,
				A496A5F0268E718900A76FD3 /* tas.txt */,
				A496A5F6268E730400A76FD3 /* tng.txt */,
				A496A5F2268E718900A76FD3 /* ds9.txt */,
				A496A5F9268E791000A76FD3 /* voy.txt */,
				A496A5F8268E791000A76FD3 /* ent.txt */,
				A496A5FC268E7A4B00A76FD3 /* dsc.txt */,
				A496A5FE268E7A4C00A76FD3 /* pic.txt */,
				A496A5FD268E7A4B00A76FD3 /* ld.txt */,
			);
			path = Data;
			sourceTree = "<group>";
		};
		A4C6DD952688776E00B21F32 = {
			isa = PBXGroup;
			children = (
				A4C6DDA02688776E00B21F32 /* Random Trek Episode */,
				A4C6DD9F2688776E00B21F32 /* Products */,
			);
			sourceTree = "<group>";
		};
		A4C6DD9F2688776E00B21F32 /* Products */ = {
			isa = PBXGroup;
			children = (
				A4C6DD9E2688776E00B21F32 /* Random Trek Episode.app */,
			);
			name = Products;
			sourceTree = "<group>";
		};
		A4C6DDA02688776E00B21F32 /* Random Trek Episode */ = {
			isa = PBXGroup;
			children = (
				A496A5ED268E5BA600A76FD3 /* Data */,
				A4872C55268AA19300412797 /* Views */,
				A496A5E7268D910E00A76FD3 /* App */,
				A4C6DDB0268877AB00B21F32 /* Model */,
				A4C6DDB52688790400B21F32 /* Random Trek Episode.entitlements */,
				A4C6DDA52688777100B21F32 /* Assets.xcassets */,
				A4C6DDAA2688777200B21F32 /* Info.plist */,
				A4C6DDA72688777200B21F32 /* Preview Content */,
			);
			path = "Random Trek Episode";
			sourceTree = "<group>";
		};
		A4C6DDA72688777200B21F32 /* Preview Content */ = {
			isa = PBXGroup;
			children = (
				A4C6DDA82688777200B21F32 /* Preview Assets.xcassets */,
			);
			path = "Preview Content";
			sourceTree = "<group>";
		};
		A4C6DDB0268877AB00B21F32 /* Model */ = {
			isa = PBXGroup;
			children = (
				A4C6DDB1268877BA00B21F32 /* Episode.swift */,
				A478C946268BEB8B008C1783 /* Options.swift */,
				A478C948268C97C8008C1783 /* Series.swift */,
			);
			path = Model;
			sourceTree = "<group>";
		};
/* End PBXGroup section */

/* Begin PBXNativeTarget section */
		A4C6DD9D2688776E00B21F32 /* Random Trek Episode */ = {
			isa = PBXNativeTarget;
			buildConfigurationList = A4C6DDAD2688777200B21F32 /* Build configuration list for PBXNativeTarget "Random Trek Episode" */;
			buildPhases = (
				A4C6DD9A2688776E00B21F32 /* Sources */,
				A4C6DD9B2688776E00B21F32 /* Frameworks */,
				A4C6DD9C2688776E00B21F32 /* Resources */,
			);
			buildRules = (
			);
			dependencies = (
			);
			name = "Random Trek Episode";
			productName = "Random Trek Episode";
			productReference = A4C6DD9E2688776E00B21F32 /* Random Trek Episode.app */;
			productType = "com.apple.product-type.application";
		};
/* End PBXNativeTarget section */

/* Begin PBXProject section */
		A4C6DD962688776E00B21F32 /* Project object */ = {
			isa = PBXProject;
			attributes = {
				LastSwiftUpdateCheck = 1250;
				LastUpgradeCheck = 1250;
				TargetAttributes = {
					A4C6DD9D2688776E00B21F32 = {
						CreatedOnToolsVersion = 12.5.1;
					};
				};
			};
			buildConfigurationList = A4C6DD992688776E00B21F32 /* Build configuration list for PBXProject "Random Trek Episode" */;
			compatibilityVersion = "Xcode 9.3";
			developmentRegion = en;
			hasScannedForEncodings = 0;
			knownRegions = (
				en,
				Base,
			);
			mainGroup = A4C6DD952688776E00B21F32;
			productRefGroup = A4C6DD9F2688776E00B21F32 /* Products */;
			projectDirPath = "";
			projectRoot = "";
			targets = (
				A4C6DD9D2688776E00B21F32 /* Random Trek Episode */,
			);
		};
/* End PBXProject section */

/* Begin PBXResourcesBuildPhase section */
		A4C6DD9C2688776E00B21F32 /* Resources */ = {
			isa = PBXResourcesBuildPhase;
			buildActionMask = 2147483647;
			files = (
				A496A600268E7A4C00A76FD3 /* ld.txt in Resources */,
				A496A5FF268E7A4C00A76FD3 /* dsc.txt in Resources */,
				A496A5F7268E730400A76FD3 /* tng.txt in Resources */,
				A496A5FA268E791000A76FD3 /* ent.txt in Resources */,
				A496A5EF268E5BB400A76FD3 /* tos.txt in Resources */,
				A496A5FB268E791000A76FD3 /* voy.txt in Resources */,
				A496A5F3268E718900A76FD3 /* tas.txt in Resources */,
				A496A5F5268E718900A76FD3 /* ds9.txt in Resources */,
				A496A601268E7A4C00A76FD3 /* pic.txt in Resources */,
				A4C6DDA92688777200B21F32 /* Preview Assets.xcassets in Resources */,
				A4C6DDA62688777200B21F32 /* Assets.xcassets in Resources */,
			);
			runOnlyForDeploymentPostprocessing = 0;
		};
/* End PBXResourcesBuildPhase section */

/* Begin PBXSourcesBuildPhase section */
		A4C6DD9A2688776E00B21F32 /* Sources */ = {
			isa = PBXSourcesBuildPhase;
			buildActionMask = 2147483647;
			files = (
				A478C949268C97C8008C1783 /* Series.swift in Sources */,
				A4080CC72689875600FE06DF /* ResultView.swift in Sources */,
				A4872C56268AB97400412797 /* SettingsView.swift in Sources */,
				A4C6DDB2268877BA00B21F32 /* Episode.swift in Sources */,
				A478C947268BEB8B008C1783 /* Options.swift in Sources */,
				A4C6DDA22688776E00B21F32 /* Random_Trek_EpisodeApp.swift in Sources */,
			);
			runOnlyForDeploymentPostprocessing = 0;
		};
/* End PBXSourcesBuildPhase section */

/* Begin XCBuildConfiguration section */
		A4C6DDAB2688777200B21F32 /* Debug */ = {
			isa = XCBuildConfiguration;
			buildSettings = {
				ALWAYS_SEARCH_USER_PATHS = NO;
				CLANG_ANALYZER_NONNULL = YES;
				CLANG_ANALYZER_NUMBER_OBJECT_CONVERSION = YES_AGGRESSIVE;
				CLANG_CXX_LANGUAGE_STANDARD = "gnu++14";
				CLANG_CXX_LIBRARY = "libc++";
				CLANG_ENABLE_MODULES = YES;
				CLANG_ENABLE_OBJC_ARC = YES;
				CLANG_ENABLE_OBJC_WEAK = YES;
				CLANG_WARN_BLOCK_CAPTURE_AUTORELEASING = YES;
				CLANG_WARN_BOOL_CONVERSION = YES;
				CLANG_WARN_COMMA = YES;
				CLANG_WARN_CONSTANT_CONVERSION = YES;
				CLANG_WARN_DEPRECATED_OBJC_IMPLEMENTATIONS = YES;
				CLANG_WARN_DIRECT_OBJC_ISA_USAGE = YES_ERROR;
				CLANG_WARN_DOCUMENTATION_COMMENTS = YES;
				CLANG_WARN_EMPTY_BODY = YES;
				CLANG_WARN_ENUM_CONVERSION = YES;
				CLANG_WARN_INFINITE_RECURSION = YES;
				CLANG_WARN_INT_CONVERSION = YES;
				CLANG_WARN_NON_LITERAL_NULL_CONVERSION = YES;
				CLANG_WARN_OBJC_IMPLICIT_RETAIN_SELF = YES;
				CLANG_WARN_OBJC_LITERAL_CONVERSION = YES;
				CLANG_WARN_OBJC_ROOT_CLASS = YES_ERROR;
				CLANG_WARN_QUOTED_INCLUDE_IN_FRAMEWORK_HEADER = YES;
				CLANG_WARN_RANGE_LOOP_ANALYSIS = YES;
				CLANG_WARN_STRICT_PROTOTYPES = YES;
				CLANG_WARN_SUSPICIOUS_MOVE = YES;
				CLANG_WARN_UNGUARDED_AVAILABILITY = YES_AGGRESSIVE;
				CLANG_WARN_UNREACHABLE_CODE = YES;
				CLANG_WARN__DUPLICATE_METHOD_MATCH = YES;
				COPY_PHASE_STRIP = NO;
				DEBUG_INFORMATION_FORMAT = dwarf;
				ENABLE_STRICT_OBJC_MSGSEND = YES;
				ENABLE_TESTABILITY = YES;
				GCC_C_LANGUAGE_STANDARD = gnu11;
				GCC_DYNAMIC_NO_PIC = NO;
				GCC_NO_COMMON_BLOCKS = YES;
				GCC_OPTIMIZATION_LEVEL = 0;
				GCC_PREPROCESSOR_DEFINITIONS = (
					"DEBUG=1",
					"$(inherited)",
				);
				GCC_WARN_64_TO_32_BIT_CONVERSION = YES;
				GCC_WARN_ABOUT_RETURN_TYPE = YES_ERROR;
				GCC_WARN_UNDECLARED_SELECTOR = YES;
				GCC_WARN_UNINITIALIZED_AUTOS = YES_AGGRESSIVE;
				GCC_WARN_UNUSED_FUNCTION = YES;
				GCC_WARN_UNUSED_VARIABLE = YES;
				IPHONEOS_DEPLOYMENT_TARGET = 14.5;
				MTL_ENABLE_DEBUG_INFO = INCLUDE_SOURCE;
				MTL_FAST_MATH = YES;
				ONLY_ACTIVE_ARCH = YES;
				SDKROOT = iphoneos;
				SWIFT_ACTIVE_COMPILATION_CONDITIONS = DEBUG;
				SWIFT_OPTIMIZATION_LEVEL = "-Onone";
			};
			name = Debug;
		};
		A4C6DDAC2688777200B21F32 /* Release */ = {
			isa = XCBuildConfiguration;
			buildSettings = {
				ALWAYS_SEARCH_USER_PATHS = NO;
				CLANG_ANALYZER_NONNULL = YES;
				CLANG_ANALYZER_NUMBER_OBJECT_CONVERSION = YES_AGGRESSIVE;
				CLANG_CXX_LANGUAGE_STANDARD = "gnu++14";
				CLANG_CXX_LIBRARY = "libc++";
				CLANG_ENABLE_MODULES = YES;
				CLANG_ENABLE_OBJC_ARC = YES;
				CLANG_ENABLE_OBJC_WEAK = YES;
				CLANG_WARN_BLOCK_CAPTURE_AUTORELEASING = YES;
				CLANG_WARN_BOOL_CONVERSION = YES;
				CLANG_WARN_COMMA = YES;
				CLANG_WARN_CONSTANT_CONVERSION = YES;
				CLANG_WARN_DEPRECATED_OBJC_IMPLEMENTATIONS = YES;
				CLANG_WARN_DIRECT_OBJC_ISA_USAGE = YES_ERROR;
				CLANG_WARN_DOCUMENTATION_COMMENTS = YES;
				CLANG_WARN_EMPTY_BODY = YES;
				CLANG_WARN_ENUM_CONVERSION = YES;
				CLANG_WARN_INFINITE_RECURSION = YES;
				CLANG_WARN_INT_CONVERSION = YES;
				CLANG_WARN_NON_LITERAL_NULL_CONVERSION = YES;
				CLANG_WARN_OBJC_IMPLICIT_RETAIN_SELF = YES;
				CLANG_WARN_OBJC_LITERAL_CONVERSION = YES;
				CLANG_WARN_OBJC_ROOT_CLASS = YES_ERROR;
				CLANG_WARN_QUOTED_INCLUDE_IN_FRAMEWORK_HEADER = YES;
				CLANG_WARN_RANGE_LOOP_ANALYSIS = YES;
				CLANG_WARN_STRICT_PROTOTYPES = YES;
				CLANG_WARN_SUSPICIOUS_MOVE = YES;
				CLANG_WARN_UNGUARDED_AVAILABILITY = YES_AGGRESSIVE;
				CLANG_WARN_UNREACHABLE_CODE = YES;
				CLANG_WARN__DUPLICATE_METHOD_MATCH = YES;
				COPY_PHASE_STRIP = NO;
				DEBUG_INFORMATION_FORMAT = "dwarf-with-dsym";
				ENABLE_NS_ASSERTIONS = NO;
				ENABLE_STRICT_OBJC_MSGSEND = YES;
				GCC_C_LANGUAGE_STANDARD = gnu11;
				GCC_NO_COMMON_BLOCKS = YES;
				GCC_WARN_64_TO_32_BIT_CONVERSION = YES;
				GCC_WARN_ABOUT_RETURN_TYPE = YES_ERROR;
				GCC_WARN_UNDECLARED_SELECTOR = YES;
				GCC_WARN_UNINITIALIZED_AUTOS = YES_AGGRESSIVE;
				GCC_WARN_UNUSED_FUNCTION = YES;
				GCC_WARN_UNUSED_VARIABLE = YES;
				IPHONEOS_DEPLOYMENT_TARGET = 14.5;
				MTL_ENABLE_DEBUG_INFO = NO;
				MTL_FAST_MATH = YES;
				SDKROOT = iphoneos;
				SWIFT_COMPILATION_MODE = wholemodule;
				SWIFT_OPTIMIZATION_LEVEL = "-O";
				VALIDATE_PRODUCT = YES;
			};
			name = Release;
		};
		A4C6DDAE2688777200B21F32 /* Debug */ = {
			isa = XCBuildConfiguration;
			buildSettings = {
				ASSETCATALOG_COMPILER_APPICON_NAME = AppIcon;
				ASSETCATALOG_COMPILER_GLOBAL_ACCENT_COLOR_NAME = AccentColor;
				CODE_SIGN_ENTITLEMENTS = "Random Trek Episode/Random Trek Episode.entitlements";
				CODE_SIGN_STYLE = Automatic;
				CURRENT_PROJECT_VERSION = 0.1.0;
				DEVELOPMENT_ASSET_PATHS = "\"Random Trek Episode/Preview Content\"";
				DEVELOPMENT_TEAM = PFR4DE3555;
				ENABLE_PREVIEWS = YES;
				INFOPLIST_FILE = "Random Trek Episode/Info.plist";
				IPHONEOS_DEPLOYMENT_TARGET = 14.0;
				LD_RUNPATH_SEARCH_PATHS = (
					"$(inherited)",
					"@executable_path/Frameworks",
				);
				MARKETING_VERSION = 0.1.0;
				PRODUCT_BUNDLE_IDENTIFIER = "com.mac-anu.Random-Trek-Episode";
				PRODUCT_NAME = "$(TARGET_NAME)";
				SUPPORTS_MACCATALYST = YES;
				SWIFT_VERSION = 5.0;
				TARGETED_DEVICE_FAMILY = "1,2";
			};
			name = Debug;
		};
		A4C6DDAF2688777200B21F32 /* Release */ = {
			isa = XCBuildConfiguration;
			buildSettings = {
				ASSETCATALOG_COMPILER_APPICON_NAME = AppIcon;
				ASSETCATALOG_COMPILER_GLOBAL_ACCENT_COLOR_NAME = AccentColor;
				CODE_SIGN_ENTITLEMENTS = "Random Trek Episode/Random Trek Episode.entitlements";
				CODE_SIGN_STYLE = Automatic;
				CURRENT_PROJECT_VERSION = 0.1.0;
				DEVELOPMENT_ASSET_PATHS = "\"Random Trek Episode/Preview Content\"";
				DEVELOPMENT_TEAM = PFR4DE3555;
				ENABLE_PREVIEWS = YES;
				INFOPLIST_FILE = "Random Trek Episode/Info.plist";
				IPHONEOS_DEPLOYMENT_TARGET = 14.0;
				LD_RUNPATH_SEARCH_PATHS = (
					"$(inherited)",
					"@executable_path/Frameworks",
				);
				MARKETING_VERSION = 0.1.0;
				PRODUCT_BUNDLE_IDENTIFIER = "com.mac-anu.Random-Trek-Episode";
				PRODUCT_NAME = "$(TARGET_NAME)";
				SUPPORTS_MACCATALYST = YES;
				SWIFT_VERSION = 5.0;
				TARGETED_DEVICE_FAMILY = "1,2";
			};
			name = Release;
		};
/* End XCBuildConfiguration section */

/* Begin XCConfigurationList section */
		A4C6DD992688776E00B21F32 /* Build configuration list for PBXProject "Random Trek Episode" */ = {
			isa = XCConfigurationList;
			buildConfigurations = (
				A4C6DDAB2688777200B21F32 /* Debug */,
				A4C6DDAC2688777200B21F32 /* Release */,
			);
			defaultConfigurationIsVisible = 0;
			defaultConfigurationName = Release;
		};
		A4C6DDAD2688777200B21F32 /* Build configuration list for PBXNativeTarget "Random Trek Episode" */ = {
			isa = XCConfigurationList;
			buildConfigurations = (
				A4C6DDAE2688777200B21F32 /* Debug */,
				A4C6DDAF2688777200B21F32 /* Release */,
			);
			defaultConfigurationIsVisible = 0;
			defaultConfigurationName = Release;
		};
/* End XCConfigurationList section */
	};
	rootObject = A4C6DD962688776E00B21F32 /* Project object */;
}
